dependencies:
- name: backend
  repository: file://charts/backend
  version: 0.1.0
- name: frontend
  repository: file://charts/frontend
  version: 0.1.0
- name: postgresql
  repository: https://charts.bitnami.com/bitnami
  version: 15.5.20
digest: sha256:276956ef658b2b62cabf646782e925bc1f86f5135543abb8736ad034c76c1502
generated: "2025-08-23T00:07:49.1308101-05:00"
